
Microsoft Visual Studio Solution File, Format Version 12.00
# Visual Studio 15
VisualStudioVersion = 15.0.27703.2047
MinimumVisualStudioVersion = 10.0.40219.1
Project("{FAE04EC0-301F-11D3-BF4B-00C04F79EFBC}") = "FootBallStats.Android", "FootBallStats\FootBallStats.Android\FootBallStats.Android.csproj", "{D3FBC4F9-ACCB-458E-B406-D8E3A78B55B7}"
EndProject
Project("{FAE04EC0-301F-11D3-BF4B-00C04F79EFBC}") = "FootBallStats.iOS", "FootBallStats\FootBallStats.iOS\FootBallStats.iOS.csproj", "{CA70B0AA-71B5-4E6B-811D-447E9C968E87}"
EndProject
Project("{FAE04EC0-301F-11D3-BF4B-00C04F79EFBC}") = "FootBallStats", "FootBallStats\FootBallStats\FootBallStats.csproj", "{33EFEC9E-81DD-4A07-B555-4F6F7F3C23F3}"
EndProject
Global
	GlobalSection(SolutionConfigurationPlatforms) = preSolution
		Ad-Hoc|Any CPU = Ad-Hoc|Any CPU
		Ad-Hoc|iPhone = Ad-Hoc|iPhone
		Ad-Hoc|iPhoneSimulator = Ad-Hoc|iPhoneSimulator
		AppStore|Any CPU = AppStore|Any CPU
		AppStore|iPhone = AppStore|iPhone
		AppStore|iPhoneSimulator = AppStore|iPhoneSimulator
		Debug|Any CPU = Debug|Any CPU
		Debug|iPhone = Debug|iPhone
		Debug|iPhoneSimulator = Debug|iPhoneSimulator
		Release|Any CPU = Release|Any CPU
		Release|iPhone = Release|iPhone
		Release|iPhoneSimulator = Release|iPhoneSimulator
	EndGlobalSection
	GlobalSection(ProjectConfigurationPlatforms) = postSolution
		{D3FBC4F9-ACCB-458E-B406-D8E3A78B55B7}.Ad-Hoc|Any CPU.ActiveCfg = Release|Any CPU
		{D3FBC4F9-ACCB-458E-B406-D8E3A78B55B7}.Ad-Hoc|Any CPU.Build.0 = Release|Any CPU
		{D3FBC4F9-ACCB-458E-B406-D8E3A78B55B7}.Ad-Hoc|Any CPU.Deploy.0 = Release|Any CPU
		{D3FBC4F9-ACCB-458E-B406-D8E3A78B55B7}.Ad-Hoc|iPhone.ActiveCfg = Release|Any CPU
		{D3FBC4F9-ACCB-458E-B406-D8E3A78B55B7}.Ad-Hoc|iPhone.Build.0 = Release|Any CPU
		{D3FBC4F9-ACCB-458E-B406-D8E3A78B55B7}.Ad-Hoc|iPhone.Deploy.0 = Release|Any CPU
		{D3FBC4F9-ACCB-458E-B406-D8E3A78B55B7}.Ad-Hoc|iPhoneSimulator.ActiveCfg = Release|Any CPU
		{D3FBC4F9-ACCB-458E-B406-D8E3A78B55B7}.Ad-Hoc|iPhoneSimulator.Build.0 = Release|Any CPU
		{D3FBC4F9-ACCB-458E-B406-D8E3A78B55B7}.Ad-Hoc|iPhoneSimulator.Deploy.0 = Release|Any CPU
		{D3FBC4F9-ACCB-458E-B406-D8E3A78B55B7}.AppStore|Any CPU.ActiveCfg = Release|Any CPU
		{D3FBC4F9-ACCB-458E-B406-D8E3A78B55B7}.AppStore|Any CPU.Build.0 = Release|Any CPU
		{D3FBC4F9-ACCB-458E-B406-D8E3A78B55B7}.AppStore|Any CPU.Deploy.0 = Release|Any CPU
		{D3FBC4F9-ACCB-458E-B406-D8E3A78B55B7}.AppStore|iPhone.ActiveCfg = Release|Any CPU
		{D3FBC4F9-ACCB-458E-B406-D8E3A78B55B7}.AppStore|iPhone.Build.0 = Release|Any CPU
		{D3FBC4F9-ACCB-458E-B406-D8E3A78B55B7}.AppStore|iPhone.Deploy.0 = Release|Any CPU
		{D3FBC4F9-ACCB-458E-B406-D8E3A78B55B7}.AppStore|iPhoneSimulator.ActiveCfg = Release|Any CPU
		{D3FBC4F9-ACCB-458E-B406-D8E3A78B55B7}.AppStore|iPhoneSimulator.Build.0 = Release|Any CPU
		{D3FBC4F9-ACCB-458E-B406-D8E3A78B55B7}.AppStore|iPhoneSimulator.Deploy.0 = Release|Any CPU
		{D3FBC4F9-ACCB-458E-B406-D8E3A78B55B7}.Debug|Any CPU.ActiveCfg = Debug|Any CPU
		{D3FBC4F9-ACCB-458E-B406-D8E3A78B55B7}.Debug|Any CPU.Build.0 = Debug|Any CPU
		{D3FBC4F9-ACCB-458E-B406-D8E3A78B55B7}.Debug|Any CPU.Deploy.0 = Debug|Any CPU
		{D3FBC4F9-ACCB-458E-B406-D8E3A78B55B7}.Debug|iPhone.ActiveCfg = Debug|Any CPU
		{D3FBC4F9-ACCB-458E-B406-D8E3A78B55B7}.Debug|iPhone.Build.0 = Debug|Any CPU
		{D3FBC4F9-ACCB-458E-B406-D8E3A78B55B7}.Debug|iPhone.Deploy.0 = Debug|Any CPU
		{D3FBC4F9-ACCB-458E-B406-D8E3A78B55B7}.Debug|iPhoneSimulator.ActiveCfg = Debug|Any CPU
		{D3FBC4F9-ACCB-458E-B406-D8E3A78B55B7}.Debug|iPhoneSimulator.Build.0 = Debug|Any CPU
		{D3FBC4F9-ACCB-458E-B406-D8E3A78B55B7}.Debug|iPhoneSimulator.Deploy.0 = Debug|Any CPU
		{D3FBC4F9-ACCB-458E-B406-D8E3A78B55B7}.Release|Any CPU.ActiveCfg = Release|Any CPU
		{D3FBC4F9-ACCB-458E-B406-D8E3A78B55B7}.Release|Any CPU.Build.0 = Release|Any CPU
		{D3FBC4F9-ACCB-458E-B406-D8E3A78B55B7}.Release|Any CPU.Deploy.0 = Release|Any CPU
		{D3FBC4F9-ACCB-458E-B406-D8E3A78B55B7}.Release|iPhone.ActiveCfg = Release|Any CPU
		{D3FBC4F9-ACCB-458E-B406-D8E3A78B55B7}.Release|iPhone.Build.0 = Release|Any CPU
		{D3FBC4F9-ACCB-458E-B406-D8E3A78B55B7}.Release|iPhone.Deploy.0 = Release|Any CPU
		{D3FBC4F9-ACCB-458E-B406-D8E3A78B55B7}.Release|iPhoneSimulator.ActiveCfg = Release|Any CPU
		{D3FBC4F9-ACCB-458E-B406-D8E3A78B55B7}.Release|iPhoneSimulator.Build.0 = Release|Any CPU
		{D3FBC4F9-ACCB-458E-B406-D8E3A78B55B7}.Release|iPhoneSimulator.Deploy.0 = Release|Any CPU
		{CA70B0AA-71B5-4E6B-811D-447E9C968E87}.Ad-Hoc|Any CPU.ActiveCfg = Ad-Hoc|iPhone
		{CA70B0AA-71B5-4E6B-811D-447E9C968E87}.Ad-Hoc|Any CPU.Build.0 = Ad-Hoc|iPhone
		{CA70B0AA-71B5-4E6B-811D-447E9C968E87}.Ad-Hoc|Any CPU.Deploy.0 = Ad-Hoc|iPhone
		{CA70B0AA-71B5-4E6B-811D-447E9C968E87}.Ad-Hoc|iPhone.ActiveCfg = Ad-Hoc|iPhone
		{CA70B0AA-71B5-4E6B-811D-447E9C968E87}.Ad-Hoc|iPhone.Build.0 = Ad-Hoc|iPhone
		{CA70B0AA-71B5-4E6B-811D-447E9C968E87}.Ad-Hoc|iPhone.Deploy.0 = Ad-Hoc|iPhone
		{CA70B0AA-71B5-4E6B-811D-447E9C968E87}.Ad-Hoc|iPhoneSimulator.ActiveCfg = Ad-Hoc|iPhoneSimulator
		{CA70B0AA-71B5-4E6B-811D-447E9C968E87}.Ad-Hoc|iPhoneSimulator.Build.0 = Ad-Hoc|iPhoneSimulator
		{CA70B0AA-71B5-4E6B-811D-447E9C968E87}.Ad-Hoc|iPhoneSimulator.Deploy.0 = Ad-Hoc|iPhoneSimulator
		{CA70B0AA-71B5-4E6B-811D-447E9C968E87}.AppStore|Any CPU.ActiveCfg = AppStore|iPhone
		{CA70B0AA-71B5-4E6B-811D-447E9C968E87}.AppStore|Any CPU.Build.0 = AppStore|iPhone
		{CA70B0AA-71B5-4E6B-811D-447E9C968E87}.AppStore|Any CPU.Deploy.0 = AppStore|iPhone
		{CA70B0AA-71B5-4E6B-811D-447E9C968E87}.AppStore|iPhone.ActiveCfg = AppStore|iPhone
		{CA70B0AA-71B5-4E6B-811D-447E9C968E87}.AppStore|iPhone.Build.0 = AppStore|iPhone
		{CA70B0AA-71B5-4E6B-811D-447E9C968E87}.AppStore|iPhone.Deploy.0 = AppStore|iPhone
		{CA70B0AA-71B5-4E6B-811D-447E9C968E87}.AppStore|iPhoneSimulator.ActiveCfg = AppStore|iPhoneSimulator
		{CA70B0AA-71B5-4E6B-811D-447E9C968E87}.AppStore|iPhoneSimulator.Build.0 = AppStore|iPhoneSimulator
		{CA70B0AA-71B5-4E6B-811D-447E9C968E87}.AppStore|iPhoneSimulator.Deploy.0 = AppStore|iPhoneSimulator
		{CA70B0AA-71B5-4E6B-811D-447E9C968E87}.Debug|Any CPU.ActiveCfg = Debug|iPhoneSimulator
		{CA70B0AA-71B5-4E6B-811D-447E9C968E87}.Debug|Any CPU.Build.0 = Debug|iPhoneSimulator
		{CA70B0AA-71B5-4E6B-811D-447E9C968E87}.Debug|Any CPU.Deploy.0 = Debug|iPhoneSimulator
		{CA70B0AA-71B5-4E6B-811D-447E9C968E87}.Debug|iPhone.ActiveCfg = Debug|iPhone
		{CA70B0AA-71B5-4E6B-811D-447E9C968E87}.Debug|iPhone.Build.0 = Debug|iPhone
		{CA70B0AA-71B5-4E6B-811D-447E9C968E87}.Debug|iPhone.Deploy.0 = Debug|iPhone
		{CA70B0AA-71B5-4E6B-811D-447E9C968E87}.Debug|iPhoneSimulator.ActiveCfg = Debug|iPhoneSimulator
		{CA70B0AA-71B5-4E6B-811D-447E9C968E87}.Debug|iPhoneSimulator.Build.0 = Debug|iPhoneSimulator
		{CA70B0AA-71B5-4E6B-811D-447E9C968E87}.Debug|iPhoneSimulator.Deploy.0 = Debug|iPhoneSimulator
		{CA70B0AA-71B5-4E6B-811D-447E9C968E87}.Release|Any CPU.ActiveCfg = Release|iPhone
		{CA70B0AA-71B5-4E6B-811D-447E9C968E87}.Release|Any CPU.Build.0 = Release|iPhone
		{CA70B0AA-71B5-4E6B-811D-447E9C968E87}.Release|Any CPU.Deploy.0 = Release|iPhone
		{CA70B0AA-71B5-4E6B-811D-447E9C968E87}.Release|iPhone.ActiveCfg = Release|iPhone
		{CA70B0AA-71B5-4E6B-811D-447E9C968E87}.Release|iPhone.Build.0 = Release|iPhone
		{CA70B0AA-71B5-4E6B-811D-447E9C968E87}.Release|iPhone.Deploy.0 = Release|iPhone
		{CA70B0AA-71B5-4E6B-811D-447E9C968E87}.Release|iPhoneSimulator.ActiveCfg = Release|iPhoneSimulator
		{CA70B0AA-71B5-4E6B-811D-447E9C968E87}.Release|iPhoneSimulator.Build.0 = Release|iPhoneSimulator
		{CA70B0AA-71B5-4E6B-811D-447E9C968E87}.Release|iPhoneSimulator.Deploy.0 = Release|iPhoneSimulator
		{33EFEC9E-81DD-4A07-B555-4F6F7F3C23F3}.Ad-Hoc|Any CPU.ActiveCfg = Debug|Any CPU
		{33EFEC9E-81DD-4A07-B555-4F6F7F3C23F3}.Ad-Hoc|Any CPU.Build.0 = Debug|Any CPU
		{33EFEC9E-81DD-4A07-B555-4F6F7F3C23F3}.Ad-Hoc|Any CPU.Deploy.0 = Debug|Any CPU
		{33EFEC9E-81DD-4A07-B555-4F6F7F3C23F3}.Ad-Hoc|iPhone.ActiveCfg = Debug|Any CPU
		{33EFEC9E-81DD-4A07-B555-4F6F7F3C23F3}.Ad-Hoc|iPhone.Build.0 = Debug|Any CPU
		{33EFEC9E-81DD-4A07-B555-4F6F7F3C23F3}.Ad-Hoc|iPhone.Deploy.0 = Debug|Any CPU
		{33EFEC9E-81DD-4A07-B555-4F6F7F3C23F3}.Ad-Hoc|iPhoneSimulator.ActiveCfg = Debug|Any CPU
		{33EFEC9E-81DD-4A07-B555-4F6F7F3C23F3}.Ad-Hoc|iPhoneSimulator.Build.0 = Debug|Any CPU
		{33EFEC9E-81DD-4A07-B555-4F6F7F3C23F3}.Ad-Hoc|iPhoneSimulator.Deploy.0 = Debug|Any CPU
		{33EFEC9E-81DD-4A07-B555-4F6F7F3C23F3}.AppStore|Any CPU.ActiveCfg = Debug|Any CPU
		{33EFEC9E-81DD-4A07-B555-4F6F7F3C23F3}.AppStore|Any CPU.Build.0 = Debug|Any CPU
		{33EFEC9E-81DD-4A07-B555-4F6F7F3C23F3}.AppStore|Any CPU.Deploy.0 = Debug|Any CPU
		{33EFEC9E-81DD-4A07-B555-4F6F7F3C23F3}.AppStore|iPhone.ActiveCfg = Debug|Any CPU
		{33EFEC9E-81DD-4A07-B555-4F6F7F3C23F3}.AppStore|iPhone.Build.0 = Debug|Any CPU
		{33EFEC9E-81DD-4A07-B555-4F6F7F3C23F3}.AppStore|iPhone.Deploy.0 = Debug|Any CPU
		{33EFEC9E-81DD-4A07-B555-4F6F7F3C23F3}.AppStore|iPhoneSimulator.ActiveCfg = Debug|Any CPU
		{33EFEC9E-81DD-4A07-B555-4F6F7F3C23F3}.AppStore|iPhoneSimulator.Build.0 = Debug|Any CPU
		{33EFEC9E-81DD-4A07-B555-4F6F7F3C23F3}.AppStore|iPhoneSimulator.Deploy.0 = Debug|Any CPU
		{33EFEC9E-81DD-4A07-B555-4F6F7F3C23F3}.Debug|Any CPU.ActiveCfg = Debug|Any CPU
		{33EFEC9E-81DD-4A07-B555-4F6F7F3C23F3}.Debug|Any CPU.Build.0 = Debug|Any CPU
		{33EFEC9E-81DD-4A07-B555-4F6F7F3C23F3}.Debug|Any CPU.Deploy.0 = Debug|Any CPU
		{33EFEC9E-81DD-4A07-B555-4F6F7F3C23F3}.Debug|iPhone.ActiveCfg = Debug|Any CPU
		{33EFEC9E-81DD-4A07-B555-4F6F7F3C23F3}.Debug|iPhone.Build.0 = Debug|Any CPU
		{33EFEC9E-81DD-4A07-B555-4F6F7F3C23F3}.Debug|iPhone.Deploy.0 = Debug|Any CPU
		{33EFEC9E-81DD-4A07-B555-4F6F7F3C23F3}.Debug|iPhoneSimulator.ActiveCfg = Debug|Any CPU
		{33EFEC9E-81DD-4A07-B555-4F6F7F3C23F3}.Debug|iPhoneSimulator.Build.0 = Debug|Any CPU
		{33EFEC9E-81DD-4A07-B555-4F6F7F3C23F3}.Debug|iPhoneSimulator.Deploy.0 = Debug|Any CPU
		{33EFEC9E-81DD-4A07-B555-4F6F7F3C23F3}.Release|Any CPU.ActiveCfg = Release|Any CPU
		{33EFEC9E-81DD-4A07-B555-4F6F7F3C23F3}.Release|Any CPU.Build.0 = Release|Any CPU
		{33EFEC9E-81DD-4A07-B555-4F6F7F3C23F3}.Release|Any CPU.Deploy.0 = Release|Any CPU
		{33EFEC9E-81DD-4A07-B555-4F6F7F3C23F3}.Release|iPhone.ActiveCfg = Release|Any CPU
		{33EFEC9E-81DD-4A07-B555-4F6F7F3C23F3}.Release|iPhone.Build.0 = Release|Any CPU
		{33EFEC9E-81DD-4A07-B555-4F6F7F3C23F3}.Release|iPhone.Deploy.0 = Release|Any CPU
		{33EFEC9E-81DD-4A07-B555-4F6F7F3C23F3}.Release|iPhoneSimulator.ActiveCfg = Release|Any CPU
		{33EFEC9E-81DD-4A07-B555-4F6F7F3C23F3}.Release|iPhoneSimulator.Build.0 = Release|Any CPU
		{33EFEC9E-81DD-4A07-B555-4F6F7F3C23F3}.Release|iPhoneSimulator.Deploy.0 = Release|Any CPU
	EndGlobalSection
	GlobalSection(SolutionProperties) = preSolution
		HideSolutionNode = FALSE
	EndGlobalSection
	GlobalSection(ExtensibilityGlobals) = postSolution
		SolutionGuid = {6D58622C-4903-4468-84A3-F5340DC245B6}
	EndGlobalSection
EndGlobal
